// !$*UTF8*$!
{
	archiveVersion = 1;
	classes = {
	};
	objectVersion = 56;
	objects = {

/* Begin PBXBuildFile section */
		26A503D228E25669006B0103 /* ExpenseTrackerApp.swift in Sources */ = {isa = PBXBuildFile; fileRef = 26A503D128E25669006B0103 /* ExpenseTrackerApp.swift */; };
		26A503D428E25669006B0103 /* ContentView.swift in Sources */ = {isa = PBXBuildFile; fileRef = 26A503D328E25669006B0103 /* ContentView.swift */; };
		26A503D628E2566E006B0103 /* Assets.xcassets in Resources */ = {isa = PBXBuildFile; fileRef = 26A503D528E2566E006B0103 /* Assets.xcassets */; };
		26A503D928E2566E006B0103 /* Preview Assets.xcassets in Resources */ = {isa = PBXBuildFile; fileRef = 26A503D828E2566E006B0103 /* Preview Assets.xcassets */; };
		26A503E328E2566F006B0103 /* ExpenseTrackerTests.swift in Sources */ = {isa = PBXBuildFile; fileRef = 26A503E228E2566F006B0103 /* ExpenseTrackerTests.swift */; };
		26A503ED28E2566F006B0103 /* ExpenseTrackerUITests.swift in Sources */ = {isa = PBXBuildFile; fileRef = 26A503EC28E2566F006B0103 /* ExpenseTrackerUITests.swift */; };
		26A503EF28E2566F006B0103 /* ExpenseTrackerUITestsLaunchTests.swift in Sources */ = {isa = PBXBuildFile; fileRef = 26A503EE28E2566F006B0103 /* ExpenseTrackerUITestsLaunchTests.swift */; };
		26F9DC4D28E260E900E5CD3B /* Color+Extension.swift in Sources */ = {isa = PBXBuildFile; fileRef = 26F9DC4C28E260E900E5CD3B /* Color+Extension.swift */; };
		26F9DC5028E2653700E5CD3B /* TransactionsModel.swift in Sources */ = {isa = PBXBuildFile; fileRef = 26F9DC4F28E2653700E5CD3B /* TransactionsModel.swift */; };
		26F9DC5228E266F100E5CD3B /* PreviewData.swift in Sources */ = {isa = PBXBuildFile; fileRef = 26F9DC5128E266F100E5CD3B /* PreviewData.swift */; };
		26F9DC5428E2695A00E5CD3B /* TransactionRow.swift in Sources */ = {isa = PBXBuildFile; fileRef = 26F9DC5328E2695A00E5CD3B /* TransactionRow.swift */; };
		26F9DC5628E26BA600E5CD3B /* DataFormatter+Extension.swift in Sources */ = {isa = PBXBuildFile; fileRef = 26F9DC5528E26BA600E5CD3B /* DataFormatter+Extension.swift */; };
		26F9DC5828E2713A00E5CD3B /* String+Extension.swift in Sources */ = {isa = PBXBuildFile; fileRef = 26F9DC5728E2713A00E5CD3B /* String+Extension.swift */; };
		26F9DC5E28E2787900E5CD3B /* SwiftUIFontIcon in Frameworks */ = {isa = PBXBuildFile; productRef = 26F9DC5D28E2787900E5CD3B /* SwiftUIFontIcon */; };
		26F9DC6228E279AC00E5CD3B /* TransactionListViewModel.swift in Sources */ = {isa = PBXBuildFile; fileRef = 26F9DC6128E279AC00E5CD3B /* TransactionListViewModel.swift */; };
/* End PBXBuildFile section */

/* Begin PBXContainerItemProxy section */
		26A503DF28E2566F006B0103 /* PBXContainerItemProxy */ = {
			isa = PBXContainerItemProxy;
			containerPortal = 26A503C628E25669006B0103 /* Project object */;
			proxyType = 1;
			remoteGlobalIDString = 26A503CD28E25669006B0103;
			remoteInfo = ExpenseTracker;
		};
		26A503E928E2566F006B0103 /* PBXContainerItemProxy */ = {
			isa = PBXContainerItemProxy;
			containerPortal = 26A503C628E25669006B0103 /* Project object */;
			proxyType = 1;
			remoteGlobalIDString = 26A503CD28E25669006B0103;
			remoteInfo = ExpenseTracker;
		};
/* End PBXContainerItemProxy section */

/* Begin PBXFileReference section */
		26A503CE28E25669006B0103 /* ExpenseTracker.app */ = {isa = PBXFileReference; explicitFileType = wrapper.application; includeInIndex = 0; path = ExpenseTracker.app; sourceTree = BUILT_PRODUCTS_DIR; };
		26A503D128E25669006B0103 /* ExpenseTrackerApp.swift */ = {isa = PBXFileReference; lastKnownFileType = sourcecode.swift; path = ExpenseTrackerApp.swift; sourceTree = "<group>"; };
		26A503D328E25669006B0103 /* ContentView.swift */ = {isa = PBXFileReference; lastKnownFileType = sourcecode.swift; path = ContentView.swift; sourceTree = "<group>"; };
		26A503D528E2566E006B0103 /* Assets.xcassets */ = {isa = PBXFileReference; lastKnownFileType = folder.assetcatalog; path = Assets.xcassets; sourceTree = "<group>"; };
		26A503D828E2566E006B0103 /* Preview Assets.xcassets */ = {isa = PBXFileReference; lastKnownFileType = folder.assetcatalog; path = "Preview Assets.xcassets"; sourceTree = "<group>"; };
		26A503DE28E2566F006B0103 /* ExpenseTrackerTests.xctest */ = {isa = PBXFileReference; explicitFileType = wrapper.cfbundle; includeInIndex = 0; path = ExpenseTrackerTests.xctest; sourceTree = BUILT_PRODUCTS_DIR; };
		26A503E228E2566F006B0103 /* ExpenseTrackerTests.swift */ = {isa = PBXFileReference; lastKnownFileType = sourcecode.swift; path = ExpenseTrackerTests.swift; sourceTree = "<group>"; };
		26A503E828E2566F006B0103 /* ExpenseTrackerUITests.xctest */ = {isa = PBXFileReference; explicitFileType = wrapper.cfbundle; includeInIndex = 0; path = ExpenseTrackerUITests.xctest; sourceTree = BUILT_PRODUCTS_DIR; };
		26A503EC28E2566F006B0103 /* ExpenseTrackerUITests.swift */ = {isa = PBXFileReference; lastKnownFileType = sourcecode.swift; path = ExpenseTrackerUITests.swift; sourceTree = "<group>"; };
		26A503EE28E2566F006B0103 /* ExpenseTrackerUITestsLaunchTests.swift */ = {isa = PBXFileReference; lastKnownFileType = sourcecode.swift; path = ExpenseTrackerUITestsLaunchTests.swift; sourceTree = "<group>"; };
		26F9DC4C28E260E900E5CD3B /* Color+Extension.swift */ = {isa = PBXFileReference; lastKnownFileType = sourcecode.swift; path = "Color+Extension.swift"; sourceTree = "<group>"; };
		26F9DC4F28E2653700E5CD3B /* TransactionsModel.swift */ = {isa = PBXFileReference; lastKnownFileType = sourcecode.swift; path = TransactionsModel.swift; sourceTree = "<group>"; };
		26F9DC5128E266F100E5CD3B /* PreviewData.swift */ = {isa = PBXFileReference; lastKnownFileType = sourcecode.swift; path = PreviewData.swift; sourceTree = "<group>"; };
		26F9DC5328E2695A00E5CD3B /* TransactionRow.swift */ = {isa = PBXFileReference; lastKnownFileType = sourcecode.swift; path = TransactionRow.swift; sourceTree = "<group>"; };
		26F9DC5528E26BA600E5CD3B /* DataFormatter+Extension.swift */ = {isa = PBXFileReference; lastKnownFileType = sourcecode.swift; path = "DataFormatter+Extension.swift"; sourceTree = "<group>"; };
		26F9DC5728E2713A00E5CD3B /* String+Extension.swift */ = {isa = PBXFileReference; lastKnownFileType = sourcecode.swift; path = "String+Extension.swift"; sourceTree = "<group>"; };
		26F9DC6128E279AC00E5CD3B /* TransactionListViewModel.swift */ = {isa = PBXFileReference; lastKnownFileType = sourcecode.swift; path = TransactionListViewModel.swift; sourceTree = "<group>"; };
/* End PBXFileReference section */

/* Begin PBXFrameworksBuildPhase section */
		26A503CB28E25669006B0103 /* Frameworks */ = {
			isa = PBXFrameworksBuildPhase;
			buildActionMask = 2147483647;
			files = (
				26F9DC5E28E2787900E5CD3B /* SwiftUIFontIcon in Frameworks */,
			);
			runOnlyForDeploymentPostprocessing = 0;
		};
		26A503DB28E2566F006B0103 /* Frameworks */ = {
			isa = PBXFrameworksBuildPhase;
			buildActionMask = 2147483647;
			files = (
			);
			runOnlyForDeploymentPostprocessing = 0;
		};
		26A503E528E2566F006B0103 /* Frameworks */ = {
			isa = PBXFrameworksBuildPhase;
			buildActionMask = 2147483647;
			files = (
			);
			runOnlyForDeploymentPostprocessing = 0;
		};
/* End PBXFrameworksBuildPhase section */

/* Begin PBXGroup section */
		26A503C528E25669006B0103 = {
			isa = PBXGroup;
			children = (
				26A503D028E25669006B0103 /* ExpenseTracker */,
				26A503E128E2566F006B0103 /* ExpenseTrackerTests */,
				26A503EB28E2566F006B0103 /* ExpenseTrackerUITests */,
				26A503CF28E25669006B0103 /* Products */,
			);
			sourceTree = "<group>";
		};
		26A503CF28E25669006B0103 /* Products */ = {
			isa = PBXGroup;
			children = (
				26A503CE28E25669006B0103 /* ExpenseTracker.app */,
				26A503DE28E2566F006B0103 /* ExpenseTrackerTests.xctest */,
				26A503E828E2566F006B0103 /* ExpenseTrackerUITests.xctest */,
			);
			name = Products;
			sourceTree = "<group>";
		};
		26A503D028E25669006B0103 /* ExpenseTracker */ = {
			isa = PBXGroup;
			children = (
				26F9DC4E28E2651E00E5CD3B /* Models */,
				26A503D128E25669006B0103 /* ExpenseTrackerApp.swift */,
				26A503D328E25669006B0103 /* ContentView.swift */,
				26F9DC5328E2695A00E5CD3B /* TransactionRow.swift */,
				26F9DC4B28E260BF00E5CD3B /* Extensions */,
				26A503D528E2566E006B0103 /* Assets.xcassets */,
				26A503D728E2566E006B0103 /* Preview Content */,
				26F9DC6128E279AC00E5CD3B /* TransactionListViewModel.swift */,
			);
			path = ExpenseTracker;
			sourceTree = "<group>";
		};
		26A503D728E2566E006B0103 /* Preview Content */ = {
			isa = PBXGroup;
			children = (
				26A503D828E2566E006B0103 /* Preview Assets.xcassets */,
				26F9DC5128E266F100E5CD3B /* PreviewData.swift */,
			);
			path = "Preview Content";
			sourceTree = "<group>";
		};
		26A503E128E2566F006B0103 /* ExpenseTrackerTests */ = {
			isa = PBXGroup;
			children = (
				26A503E228E2566F006B0103 /* ExpenseTrackerTests.swift */,
			);
			path = ExpenseTrackerTests;
			sourceTree = "<group>";
		};
		26A503EB28E2566F006B0103 /* ExpenseTrackerUITests */ = {
			isa = PBXGroup;
			children = (
				26A503EC28E2566F006B0103 /* ExpenseTrackerUITests.swift */,
				26A503EE28E2566F006B0103 /* ExpenseTrackerUITestsLaunchTests.swift */,
			);
			path = ExpenseTrackerUITests;
			sourceTree = "<group>";
		};
		26F9DC4B28E260BF00E5CD3B /* Extensions */ = {
			isa = PBXGroup;
			children = (
				26F9DC4C28E260E900E5CD3B /* Color+Extension.swift */,
				26F9DC5528E26BA600E5CD3B /* DataFormatter+Extension.swift */,
				26F9DC5728E2713A00E5CD3B /* String+Extension.swift */,
			);
			path = Extensions;
			sourceTree = "<group>";
		};
		26F9DC4E28E2651E00E5CD3B /* Models */ = {
			isa = PBXGroup;
			children = (
				26F9DC4F28E2653700E5CD3B /* TransactionsModel.swift */,
			);
			path = Models;
			sourceTree = "<group>";
		};
/* End PBXGroup section */

/* Begin PBXNativeTarget section */
		26A503CD28E25669006B0103 /* ExpenseTracker */ = {
			isa = PBXNativeTarget;
			buildConfigurationList = 26A503F228E2566F006B0103 /* Build configuration list for PBXNativeTarget "ExpenseTracker" */;
			buildPhases = (
				26A503CA28E25669006B0103 /* Sources */,
				26A503CB28E25669006B0103 /* Frameworks */,
				26A503CC28E25669006B0103 /* Resources */,
			);
			buildRules = (
			);
			dependencies = (
			);
			name = ExpenseTracker;
			packageProductDependencies = (
				26F9DC5D28E2787900E5CD3B /* SwiftUIFontIcon */,
			);
			productName = ExpenseTracker;
			productReference = 26A503CE28E25669006B0103 /* ExpenseTracker.app */;
			productType = "com.apple.product-type.application";
		};
		26A503DD28E2566F006B0103 /* ExpenseTrackerTests */ = {
			isa = PBXNativeTarget;
			buildConfigurationList = 26A503F528E2566F006B0103 /* Build configuration list for PBXNativeTarget "ExpenseTrackerTests" */;
			buildPhases = (
				26A503DA28E2566F006B0103 /* Sources */,
				26A503DB28E2566F006B0103 /* Frameworks */,
				26A503DC28E2566F006B0103 /* Resources */,
			);
			buildRules = (
			);
			dependencies = (
				26A503E028E2566F006B0103 /* PBXTargetDependency */,
			);
			name = ExpenseTrackerTests;
			productName = ExpenseTrackerTests;
			productReference = 26A503DE28E2566F006B0103 /* ExpenseTrackerTests.xctest */;
			productType = "com.apple.product-type.bundle.unit-test";
		};
		26A503E728E2566F006B0103 /* ExpenseTrackerUITests */ = {
			isa = PBXNativeTarget;
			buildConfigurationList = 26A503F828E2566F006B0103 /* Build configuration list for PBXNativeTarget "ExpenseTrackerUITests" */;
			buildPhases = (
				26A503E428E2566F006B0103 /* Sources */,
				26A503E528E2566F006B0103 /* Frameworks */,
				26A503E628E2566F006B0103 /* Resources */,
			);
			buildRules = (
			);
			dependencies = (
				26A503EA28E2566F006B0103 /* PBXTargetDependency */,
			);
			name = ExpenseTrackerUITests;
			productName = ExpenseTrackerUITests;
			productReference = 26A503E828E2566F006B0103 /* ExpenseTrackerUITests.xctest */;
			productType = "com.apple.product-type.bundle.ui-testing";
		};
/* End PBXNativeTarget section */

/* Begin PBXProject section */
		26A503C628E25669006B0103 /* Project object */ = {
			isa = PBXProject;
			attributes = {
				BuildIndependentTargetsInParallel = 1;
				LastSwiftUpdateCheck = 1400;
				LastUpgradeCheck = 1400;
				TargetAttributes = {
					26A503CD28E25669006B0103 = {
						CreatedOnToolsVersion = 14.0;
					};
					26A503DD28E2566F006B0103 = {
						CreatedOnToolsVersion = 14.0;
						TestTargetID = 26A503CD28E25669006B0103;
					};
					26A503E728E2566F006B0103 = {
						CreatedOnToolsVersion = 14.0;
						TestTargetID = 26A503CD28E25669006B0103;
					};
				};
			};
			buildConfigurationList = 26A503C928E25669006B0103 /* Build configuration list for PBXProject "ExpenseTracker" */;
			compatibilityVersion = "Xcode 14.0";
			developmentRegion = en;
			hasScannedForEncodings = 0;
			knownRegions = (
				en,
				Base,
			);
			mainGroup = 26A503C528E25669006B0103;
			packageReferences = (
				26F9DC5C28E2787900E5CD3B /* XCRemoteSwiftPackageReference "SwiftUIFontIcon" */,
			);
			productRefGroup = 26A503CF28E25669006B0103 /* Products */;
			projectDirPath = "";
			projectRoot = "";
			targets = (
				26A503CD28E25669006B0103 /* ExpenseTracker */,
				26A503DD28E2566F006B0103 /* ExpenseTrackerTests */,
				26A503E728E2566F006B0103 /* ExpenseTrackerUITests */,
			);
		};
/* End PBXProject section */

/* Begin PBXResourcesBuildPhase section */
		26A503CC28E25669006B0103 /* Resources */ = {
			isa = PBXResourcesBuildPhase;
			buildActionMask = 2147483647;
			files = (
				26A503D928E2566E006B0103 /* Preview Assets.xcassets in Resources */,
				26A503D628E2566E006B0103 /* Assets.xcassets in Resources */,
			);
			runOnlyForDeploymentPostprocessing = 0;
		};
		26A503DC28E2566F006B0103 /* Resources */ = {
			isa = PBXResourcesBuildPhase;
			buildActionMask = 2147483647;
			files = (
			);
			runOnlyForDeploymentPostprocessing = 0;
		};
		26A503E628E2566F006B0103 /* Resources */ = {
			isa = PBXResourcesBuildPhase;
			buildActionMask = 2147483647;
			files = (
			);
			runOnlyForDeploymentPostprocessing = 0;
		};
/* End PBXResourcesBuildPhase section */

/* Begin PBXSourcesBuildPhase section */
		26A503CA28E25669006B0103 /* Sources */ = {
			isa = PBXSourcesBuildPhase;
			buildActionMask = 2147483647;
			files = (
				26F9DC5828E2713A00E5CD3B /* String+Extension.swift in Sources */,
				26F9DC5228E266F100E5CD3B /* PreviewData.swift in Sources */,
				26F9DC5028E2653700E5CD3B /* TransactionsModel.swift in Sources */,
				26F9DC5628E26BA600E5CD3B /* DataFormatter+Extension.swift in Sources */,
				26F9DC6228E279AC00E5CD3B /* TransactionListViewModel.swift in Sources */,
				26A503D428E25669006B0103 /* ContentView.swift in Sources */,
				26F9DC5428E2695A00E5CD3B /* TransactionRow.swift in Sources */,
				26F9DC4D28E260E900E5CD3B /* Color+Extension.swift in Sources */,
				26A503D228E25669006B0103 /* ExpenseTrackerApp.swift in Sources */,
			);
			runOnlyForDeploymentPostprocessing = 0;
		};
		26A503DA28E2566F006B0103 /* Sources */ = {
			isa = PBXSourcesBuildPhase;
			buildActionMask = 2147483647;
			files = (
				26A503E328E2566F006B0103 /* ExpenseTrackerTests.swift in Sources */,
			);
			runOnlyForDeploymentPostprocessing = 0;
		};
		26A503E428E2566F006B0103 /* Sources */ = {
			isa = PBXSourcesBuildPhase;
			buildActionMask = 2147483647;
			files = (
				26A503EF28E2566F006B0103 /* ExpenseTrackerUITestsLaunchTests.swift in Sources */,
				26A503ED28E2566F006B0103 /* ExpenseTrackerUITests.swift in Sources */,
			);
			runOnlyForDeploymentPostprocessing = 0;
		};
/* End PBXSourcesBuildPhase section */

/* Begin PBXTargetDependency section */
		26A503E028E2566F006B0103 /* PBXTargetDependency */ = {
			isa = PBXTargetDependency;
			target = 26A503CD28E25669006B0103 /* ExpenseTracker */;
			targetProxy = 26A503DF28E2566F006B0103 /* PBXContainerItemProxy */;
		};
		26A503EA28E2566F006B0103 /* PBXTargetDependency */ = {
			isa = PBXTargetDependency;
			target = 26A503CD28E25669006B0103 /* ExpenseTracker */;
			targetProxy = 26A503E928E2566F006B0103 /* PBXContainerItemProxy */;
		};
/* End PBXTargetDependency section */

/* Begin XCBuildConfiguration section */
		26A503F028E2566F006B0103 /* Debug */ = {
			isa = XCBuildConfiguration;
			buildSettings = {
				ALWAYS_SEARCH_USER_PATHS = NO;
				CLANG_ANALYZER_NONNULL = YES;
				CLANG_ANALYZER_NUMBER_OBJECT_CONVERSION = YES_AGGRESSIVE;
				CLANG_CXX_LANGUAGE_STANDARD = "gnu++20";
				CLANG_ENABLE_MODULES = YES;
				CLANG_ENABLE_OBJC_ARC = YES;
				CLANG_ENABLE_OBJC_WEAK = YES;
				CLANG_WARN_BLOCK_CAPTURE_AUTORELEASING = YES;
				CLANG_WARN_BOOL_CONVERSION = YES;
				CLANG_WARN_COMMA = YES;
				CLANG_WARN_CONSTANT_CONVERSION = YES;
				CLANG_WARN_DEPRECATED_OBJC_IMPLEMENTATIONS = YES;
				CLANG_WARN_DIRECT_OBJC_ISA_USAGE = YES_ERROR;
				CLANG_WARN_DOCUMENTATION_COMMENTS = YES;
				CLANG_WARN_EMPTY_BODY = YES;
				CLANG_WARN_ENUM_CONVERSION = YES;
				CLANG_WARN_INFINITE_RECURSION = YES;
				CLANG_WARN_INT_CONVERSION = YES;
				CLANG_WARN_NON_LITERAL_NULL_CONVERSION = YES;
				CLANG_WARN_OBJC_IMPLICIT_RETAIN_SELF = YES;
				CLANG_WARN_OBJC_LITERAL_CONVERSION = YES;
				CLANG_WARN_OBJC_ROOT_CLASS = YES_ERROR;
				CLANG_WARN_QUOTED_INCLUDE_IN_FRAMEWORK_HEADER = YES;
				CLANG_WARN_RANGE_LOOP_ANALYSIS = YES;
				CLANG_WARN_STRICT_PROTOTYPES = YES;
				CLANG_WARN_SUSPICIOUS_MOVE = YES;
				CLANG_WARN_UNGUARDED_AVAILABILITY = YES_AGGRESSIVE;
				CLANG_WARN_UNREACHABLE_CODE = YES;
				CLANG_WARN__DUPLICATE_METHOD_MATCH = YES;
				COPY_PHASE_STRIP = NO;
				DEBUG_INFORMATION_FORMAT = dwarf;
				ENABLE_STRICT_OBJC_MSGSEND = YES;
				ENABLE_TESTABILITY = YES;
				GCC_C_LANGUAGE_STANDARD = gnu11;
				GCC_DYNAMIC_NO_PIC = NO;
				GCC_NO_COMMON_BLOCKS = YES;
				GCC_OPTIMIZATION_LEVEL = 0;
				GCC_PREPROCESSOR_DEFINITIONS = (
					"DEBUG=1",
					"$(inherited)",
				);
				GCC_WARN_64_TO_32_BIT_CONVERSION = YES;
				GCC_WARN_ABOUT_RETURN_TYPE = YES_ERROR;
				GCC_WARN_UNDECLARED_SELECTOR = YES;
				GCC_WARN_UNINITIALIZED_AUTOS = YES_AGGRESSIVE;
				GCC_WARN_UNUSED_FUNCTION = YES;
				GCC_WARN_UNUSED_VARIABLE = YES;
				IPHONEOS_DEPLOYMENT_TARGET = 16.0;
				MTL_ENABLE_DEBUG_INFO = INCLUDE_SOURCE;
				MTL_FAST_MATH = YES;
				ONLY_ACTIVE_ARCH = YES;
				SDKROOT = iphoneos;
				SWIFT_ACTIVE_COMPILATION_CONDITIONS = DEBUG;
				SWIFT_OPTIMIZATION_LEVEL = "-Onone";
			};
			name = Debug;
		};
		26A503F128E2566F006B0103 /* Release */ = {
			isa = XCBuildConfiguration;
			buildSettings = {
				ALWAYS_SEARCH_USER_PATHS = NO;
				CLANG_ANALYZER_NONNULL = YES;
				CLANG_ANALYZER_NUMBER_OBJECT_CONVERSION = YES_AGGRESSIVE;
				CLANG_CXX_LANGUAGE_STANDARD = "gnu++20";
				CLANG_ENABLE_MODULES = YES;
				CLANG_ENABLE_OBJC_ARC = YES;
				CLANG_ENABLE_OBJC_WEAK = YES;
				CLANG_WARN_BLOCK_CAPTURE_AUTORELEASING = YES;
				CLANG_WARN_BOOL_CONVERSION = YES;
				CLANG_WARN_COMMA = YES;
				CLANG_WARN_CONSTANT_CONVERSION = YES;
				CLANG_WARN_DEPRECATED_OBJC_IMPLEMENTATIONS = YES;
				CLANG_WARN_DIRECT_OBJC_ISA_USAGE = YES_ERROR;
				CLANG_WARN_DOCUMENTATION_COMMENTS = YES;
				CLANG_WARN_EMPTY_BODY = YES;
				CLANG_WARN_ENUM_CONVERSION = YES;
				CLANG_WARN_INFINITE_RECURSION = YES;
				CLANG_WARN_INT_CONVERSION = YES;
				CLANG_WARN_NON_LITERAL_NULL_CONVERSION = YES;
				CLANG_WARN_OBJC_IMPLICIT_RETAIN_SELF = YES;
				CLANG_WARN_OBJC_LITERAL_CONVERSION = YES;
				CLANG_WARN_OBJC_ROOT_CLASS = YES_ERROR;
				CLANG_WARN_QUOTED_INCLUDE_IN_FRAMEWORK_HEADER = YES;
				CLANG_WARN_RANGE_LOOP_ANALYSIS = YES;
				CLANG_WARN_STRICT_PROTOTYPES = YES;
				CLANG_WARN_SUSPICIOUS_MOVE = YES;
				CLANG_WARN_UNGUARDED_AVAILABILITY = YES_AGGRESSIVE;
				CLANG_WARN_UNREACHABLE_CODE = YES;
				CLANG_WARN__DUPLICATE_METHOD_MATCH = YES;
				COPY_PHASE_STRIP = NO;
				DEBUG_INFORMATION_FORMAT = "dwarf-with-dsym";
				ENABLE_NS_ASSERTIONS = NO;
				ENABLE_STRICT_OBJC_MSGSEND = YES;
				GCC_C_LANGUAGE_STANDARD = gnu11;
				GCC_NO_COMMON_BLOCKS = YES;
				GCC_WARN_64_TO_32_BIT_CONVERSION = YES;
				GCC_WARN_ABOUT_RETURN_TYPE = YES_ERROR;
				GCC_WARN_UNDECLARED_SELECTOR = YES;
				GCC_WARN_UNINITIALIZED_AUTOS = YES_AGGRESSIVE;
				GCC_WARN_UNUSED_FUNCTION = YES;
				GCC_WARN_UNUSED_VARIABLE = YES;
				IPHONEOS_DEPLOYMENT_TARGET = 16.0;
				MTL_ENABLE_DEBUG_INFO = NO;
				MTL_FAST_MATH = YES;
				SDKROOT = iphoneos;
				SWIFT_COMPILATION_MODE = wholemodule;
				SWIFT_OPTIMIZATION_LEVEL = "-O";
				VALIDATE_PRODUCT = YES;
			};
			name = Release;
		};
		26A503F328E2566F006B0103 /* Debug */ = {
			isa = XCBuildConfiguration;
			buildSettings = {
				ASSETCATALOG_COMPILER_APPICON_NAME = AppIcon;
				ASSETCATALOG_COMPILER_GLOBAL_ACCENT_COLOR_NAME = AccentColor;
				CODE_SIGN_STYLE = Automatic;
				CURRENT_PROJECT_VERSION = 1;
				DEVELOPMENT_ASSET_PATHS = "\"ExpenseTracker/Preview Content\"";
				DEVELOPMENT_TEAM = F9QA4T4B5C;
				ENABLE_PREVIEWS = YES;
				GENERATE_INFOPLIST_FILE = YES;
				INFOPLIST_KEY_UIApplicationSceneManifest_Generation = YES;
				INFOPLIST_KEY_UIApplicationSupportsIndirectInputEvents = YES;
				INFOPLIST_KEY_UILaunchScreen_Generation = YES;
				INFOPLIST_KEY_UISupportedInterfaceOrientations_iPad = "UIInterfaceOrientationPortrait UIInterfaceOrientationPortraitUpsideDown UIInterfaceOrientationLandscapeLeft UIInterfaceOrientationLandscapeRight";
				INFOPLIST_KEY_UISupportedInterfaceOrientations_iPhone = "UIInterfaceOrientationPortrait UIInterfaceOrientationLandscapeLeft UIInterfaceOrientationLandscapeRight";
				LD_RUNPATH_SEARCH_PATHS = (
					"$(inherited)",
					"@executable_path/Frameworks",
				);
				MARKETING_VERSION = 1.0;
				PRODUCT_BUNDLE_IDENTIFIER = com.franalarza.ExpenseTracker;
				PRODUCT_NAME = "$(TARGET_NAME)";
				SWIFT_EMIT_LOC_STRINGS = YES;
				SWIFT_VERSION = 5.0;
				TARGETED_DEVICE_FAMILY = "1,2";
			};
			name = Debug;
		};
		26A503F428E2566F006B0103 /* Release */ = {
			isa = XCBuildConfiguration;
			buildSettings = {
				ASSETCATALOG_COMPILER_APPICON_NAME = AppIcon;
				ASSETCATALOG_COMPILER_GLOBAL_ACCENT_COLOR_NAME = AccentColor;
				CODE_SIGN_STYLE = Automatic;
				CURRENT_PROJECT_VERSION = 1;
				DEVELOPMENT_ASSET_PATHS = "\"ExpenseTracker/Preview Content\"";
				DEVELOPMENT_TEAM = F9QA4T4B5C;
				ENABLE_PREVIEWS = YES;
				GENERATE_INFOPLIST_FILE = YES;
				INFOPLIST_KEY_UIApplicationSceneManifest_Generation = YES;
				INFOPLIST_KEY_UIApplicationSupportsIndirectInputEvents = YES;
				INFOPLIST_KEY_UILaunchScreen_Generation = YES;
				INFOPLIST_KEY_UISupportedInterfaceOrientations_iPad = "UIInterfaceOrientationPortrait UIInterfaceOrientationPortraitUpsideDown UIInterfaceOrientationLandscapeLeft UIInterfaceOrientationLandscapeRight";
				INFOPLIST_KEY_UISupportedInterfaceOrientations_iPhone = "UIInterfaceOrientationPortrait UIInterfaceOrientationLandscapeLeft UIInterfaceOrientationLandscapeRight";
				LD_RUNPATH_SEARCH_PATHS = (
					"$(inherited)",
					"@executable_path/Frameworks",
				);
				MARKETING_VERSION = 1.0;
				PRODUCT_BUNDLE_IDENTIFIER = com.franalarza.ExpenseTracker;
				PRODUCT_NAME = "$(TARGET_NAME)";
				SWIFT_EMIT_LOC_STRINGS = YES;
				SWIFT_VERSION = 5.0;
				TARGETED_DEVICE_FAMILY = "1,2";
			};
			name = Release;
		};
		26A503F628E2566F006B0103 /* Debug */ = {
			isa = XCBuildConfiguration;
			buildSettings = {
				ALWAYS_EMBED_SWIFT_STANDARD_LIBRARIES = YES;
				BUNDLE_LOADER = "$(TEST_HOST)";
				CODE_SIGN_STYLE = Automatic;
				CURRENT_PROJECT_VERSION = 1;
				DEVELOPMENT_TEAM = F9QA4T4B5C;
				GENERATE_INFOPLIST_FILE = YES;
				IPHONEOS_DEPLOYMENT_TARGET = 16.0;
				MARKETING_VERSION = 1.0;
				PRODUCT_BUNDLE_IDENTIFIER = com.franalarza.ExpenseTrackerTests;
				PRODUCT_NAME = "$(TARGET_NAME)";
				SWIFT_EMIT_LOC_STRINGS = NO;
				SWIFT_VERSION = 5.0;
				TARGETED_DEVICE_FAMILY = "1,2";
				TEST_HOST = "$(BUILT_PRODUCTS_DIR)/ExpenseTracker.app/$(BUNDLE_EXECUTABLE_FOLDER_PATH)/ExpenseTracker";
			};
			name = Debug;
		};
		26A503F728E2566F006B0103 /* Release */ = {
			isa = XCBuildConfiguration;
			buildSettings = {
				ALWAYS_EMBED_SWIFT_STANDARD_LIBRARIES = YES;
				BUNDLE_LOADER = "$(TEST_HOST)";
				CODE_SIGN_STYLE = Automatic;
				CURRENT_PROJECT_VERSION = 1;
				DEVELOPMENT_TEAM = F9QA4T4B5C;
				GENERATE_INFOPLIST_FILE = YES;
				IPHONEOS_DEPLOYMENT_TARGET = 16.0;
				MARKETING_VERSION = 1.0;
				PRODUCT_BUNDLE_IDENTIFIER = com.franalarza.ExpenseTrackerTests;
				PRODUCT_NAME = "$(TARGET_NAME)";
				SWIFT_EMIT_LOC_STRINGS = NO;
				SWIFT_VERSION = 5.0;
				TARGETED_DEVICE_FAMILY = "1,2";
				TEST_HOST = "$(BUILT_PRODUCTS_DIR)/ExpenseTracker.app/$(BUNDLE_EXECUTABLE_FOLDER_PATH)/ExpenseTracker";
			};
			name = Release;
		};
		26A503F928E2566F006B0103 /* Debug */ = {
			isa = XCBuildConfiguration;
			buildSettings = {
				ALWAYS_EMBED_SWIFT_STANDARD_LIBRARIES = YES;
				CODE_SIGN_STYLE = Automatic;
				CURRENT_PROJECT_VERSION = 1;
				DEVELOPMENT_TEAM = F9QA4T4B5C;
				GENERATE_INFOPLIST_FILE = YES;
				MARKETING_VERSION = 1.0;
				PRODUCT_BUNDLE_IDENTIFIER = com.franalarza.ExpenseTrackerUITests;
				PRODUCT_NAME = "$(TARGET_NAME)";
				SWIFT_EMIT_LOC_STRINGS = NO;
				SWIFT_VERSION = 5.0;
				TARGETED_DEVICE_FAMILY = "1,2";
				TEST_TARGET_NAME = ExpenseTracker;
			};
			name = Debug;
		};
		26A503FA28E2566F006B0103 /* Release */ = {
			isa = XCBuildConfiguration;
			buildSettings = {
				ALWAYS_EMBED_SWIFT_STANDARD_LIBRARIES = YES;
				CODE_SIGN_STYLE = Automatic;
				CURRENT_PROJECT_VERSION = 1;
				DEVELOPMENT_TEAM = F9QA4T4B5C;
				GENERATE_INFOPLIST_FILE = YES;
				MARKETING_VERSION = 1.0;
				PRODUCT_BUNDLE_IDENTIFIER = com.franalarza.ExpenseTrackerUITests;
				PRODUCT_NAME = "$(TARGET_NAME)";
				SWIFT_EMIT_LOC_STRINGS = NO;
				SWIFT_VERSION = 5.0;
				TARGETED_DEVICE_FAMILY = "1,2";
				TEST_TARGET_NAME = ExpenseTracker;
			};
			name = Release;
		};
/* End XCBuildConfiguration section */

/* Begin XCConfigurationList section */
		26A503C928E25669006B0103 /* Build configuration list for PBXProject "ExpenseTracker" */ = {
			isa = XCConfigurationList;
			buildConfigurations = (
				26A503F028E2566F006B0103 /* Debug */,
				26A503F128E2566F006B0103 /* Release */,
			);
			defaultConfigurationIsVisible = 0;
			defaultConfigurationName = Release;
		};
		26A503F228E2566F006B0103 /* Build configuration list for PBXNativeTarget "ExpenseTracker" */ = {
			isa = XCConfigurationList;
			buildConfigurations = (
				26A503F328E2566F006B0103 /* Debug */,
				26A503F428E2566F006B0103 /* Release */,
			);
			defaultConfigurationIsVisible = 0;
			defaultConfigurationName = Release;
		};
		26A503F528E2566F006B0103 /* Build configuration list for PBXNativeTarget "ExpenseTrackerTests" */ = {
			isa = XCConfigurationList;
			buildConfigurations = (
				26A503F628E2566F006B0103 /* Debug */,
				26A503F728E2566F006B0103 /* Release */,
			);
			defaultConfigurationIsVisible = 0;
			defaultConfigurationName = Release;
		};
		26A503F828E2566F006B0103 /* Build configuration list for PBXNativeTarget "ExpenseTrackerUITests" */ = {
			isa = XCConfigurationList;
			buildConfigurations = (
				26A503F928E2566F006B0103 /* Debug */,
				26A503FA28E2566F006B0103 /* Release */,
			);
			defaultConfigurationIsVisible = 0;
			defaultConfigurationName = Release;
		};
/* End XCConfigurationList section */

/* Begin XCRemoteSwiftPackageReference section */
		26F9DC5C28E2787900E5CD3B /* XCRemoteSwiftPackageReference "SwiftUIFontIcon" */ = {
			isa = XCRemoteSwiftPackageReference;
			repositoryURL = "https://github.com/huybuidac/SwiftUIFontIcon.git";
			requirement = {
				branch = master;
				kind = branch;
			};
		};
/* End XCRemoteSwiftPackageReference section */

/* Begin XCSwiftPackageProductDependency section */
		26F9DC5D28E2787900E5CD3B /* SwiftUIFontIcon */ = {
			isa = XCSwiftPackageProductDependency;
			package = 26F9DC5C28E2787900E5CD3B /* XCRemoteSwiftPackageReference "SwiftUIFontIcon" */;
			productName = SwiftUIFontIcon;
		};
/* End XCSwiftPackageProductDependency section */
	};
	rootObject = 26A503C628E25669006B0103 /* Project object */;
}
